// !$*UTF8*$!
{
	archiveVersion = 1;
	classes = {
	};
	objectVersion = 46;
	objects = {

/* Begin PBXBuildFile section */
		84D624421F330CB20047C80F /* AppDelegate.swift in Sources */ = {isa = PBXBuildFile; fileRef = 84D624411F330CB20047C80F /* AppDelegate.swift */; };
		84D624441F330CB20047C80F /* ViewController.swift in Sources */ = {isa = PBXBuildFile; fileRef = 84D624431F330CB20047C80F /* ViewController.swift */; };
		84D624471F330CB20047C80F /* Main.storyboard in Resources */ = {isa = PBXBuildFile; fileRef = 84D624451F330CB20047C80F /* Main.storyboard */; };
		84D624491F330CB20047C80F /* Assets.xcassets in Resources */ = {isa = PBXBuildFile; fileRef = 84D624481F330CB20047C80F /* Assets.xcassets */; };
		84D6244C1F330CB20047C80F /* LaunchScreen.storyboard in Resources */ = {isa = PBXBuildFile; fileRef = 84D6244A1F330CB20047C80F /* LaunchScreen.storyboard */; };
		84D624571F330CB20047C80F /* DestroyTheWorldTests.swift in Sources */ = {isa = PBXBuildFile; fileRef = 84D624561F330CB20047C80F /* DestroyTheWorldTests.swift */; };
		84D624621F330CB20047C80F /* DestroyTheWorldUITests.swift in Sources */ = {isa = PBXBuildFile; fileRef = 84D624611F330CB20047C80F /* DestroyTheWorldUITests.swift */; };
/* End PBXBuildFile section */

/* Begin PBXContainerItemProxy section */
		84D624531F330CB20047C80F /* PBXContainerItemProxy */ = {
			isa = PBXContainerItemProxy;
			containerPortal = 84D624361F330CB20047C80F /* Project object */;
			proxyType = 1;
			remoteGlobalIDString = 84D6243D1F330CB20047C80F;
			remoteInfo = DestroyTheWorld;
		};
		84D6245E1F330CB20047C80F /* PBXContainerItemProxy */ = {
			isa = PBXContainerItemProxy;
			containerPortal = 84D624361F330CB20047C80F /* Project object */;
			proxyType = 1;
			remoteGlobalIDString = 84D6243D1F330CB20047C80F;
			remoteInfo = DestroyTheWorld;
		};
/* End PBXContainerItemProxy section */

/* Begin PBXFileReference section */
		84D6243E1F330CB20047C80F /* DestroyTheWorld.app */ = {isa = PBXFileReference; explicitFileType = wrapper.application; includeInIndex = 0; path = DestroyTheWorld.app; sourceTree = BUILT_PRODUCTS_DIR; };
		84D624411F330CB20047C80F /* AppDelegate.swift */ = {isa = PBXFileReference; lastKnownFileType = sourcecode.swift; path = AppDelegate.swift; sourceTree = "<group>"; };
		84D624431F330CB20047C80F /* ViewController.swift */ = {isa = PBXFileReference; lastKnownFileType = sourcecode.swift; path = ViewController.swift; sourceTree = "<group>"; };
		84D624461F330CB20047C80F /* Base */ = {isa = PBXFileReference; lastKnownFileType = file.storyboard; name = Base; path = Base.lproj/Main.storyboard; sourceTree = "<group>"; };
		84D624481F330CB20047C80F /* Assets.xcassets */ = {isa = PBXFileReference; lastKnownFileType = folder.assetcatalog; path = Assets.xcassets; sourceTree = "<group>"; };
		84D6244B1F330CB20047C80F /* Base */ = {isa = PBXFileReference; lastKnownFileType = file.storyboard; name = Base; path = Base.lproj/LaunchScreen.storyboard; sourceTree = "<group>"; };
		84D6244D1F330CB20047C80F /* Info.plist */ = {isa = PBXFileReference; lastKnownFileType = text.plist.xml; path = Info.plist; sourceTree = "<group>"; };
		84D624521F330CB20047C80F /* DestroyTheWorldTests.xctest */ = {isa = PBXFileReference; explicitFileType = wrapper.cfbundle; includeInIndex = 0; path = DestroyTheWorldTests.xctest; sourceTree = BUILT_PRODUCTS_DIR; };
		84D624561F330CB20047C80F /* DestroyTheWorldTests.swift */ = {isa = PBXFileReference; lastKnownFileType = sourcecode.swift; path = DestroyTheWorldTests.swift; sourceTree = "<group>"; };
		84D624581F330CB20047C80F /* Info.plist */ = {isa = PBXFileReference; lastKnownFileType = text.plist.xml; path = Info.plist; sourceTree = "<group>"; };
		84D6245D1F330CB20047C80F /* DestroyTheWorldUITests.xctest */ = {isa = PBXFileReference; explicitFileType = wrapper.cfbundle; includeInIndex = 0; path = DestroyTheWorldUITests.xctest; sourceTree = BUILT_PRODUCTS_DIR; };
		84D624611F330CB20047C80F /* DestroyTheWorldUITests.swift */ = {isa = PBXFileReference; lastKnownFileType = sourcecode.swift; path = DestroyTheWorldUITests.swift; sourceTree = "<group>"; };
		84D624631F330CB20047C80F /* Info.plist */ = {isa = PBXFileReference; lastKnownFileType = text.plist.xml; path = Info.plist; sourceTree = "<group>"; };
/* End PBXFileReference section */

/* Begin PBXFrameworksBuildPhase section */
		84D6243B1F330CB20047C80F /* Frameworks */ = {
			isa = PBXFrameworksBuildPhase;
			buildActionMask = 2147483647;
			files = (
			);
			runOnlyForDeploymentPostprocessing = 0;
		};
		84D6244F1F330CB20047C80F /* Frameworks */ = {
			isa = PBXFrameworksBuildPhase;
			buildActionMask = 2147483647;
			files = (
			);
			runOnlyForDeploymentPostprocessing = 0;
		};
		84D6245A1F330CB20047C80F /* Frameworks */ = {
			isa = PBXFrameworksBuildPhase;
			buildActionMask = 2147483647;
			files = (
			);
			runOnlyForDeploymentPostprocessing = 0;
		};
/* End PBXFrameworksBuildPhase section */

/* Begin PBXGroup section */
		84D624351F330CB20047C80F = {
			isa = PBXGroup;
			children = (
				84D624401F330CB20047C80F /* DestroyTheWorld */,
				84D624551F330CB20047C80F /* DestroyTheWorldTests */,
				84D624601F330CB20047C80F /* DestroyTheWorldUITests */,
				84D6243F1F330CB20047C80F /* Products */,
			);
			sourceTree = "<group>";
		};
		84D6243F1F330CB20047C80F /* Products */ = {
			isa = PBXGroup;
			children = (
				84D6243E1F330CB20047C80F /* DestroyTheWorld.app */,
				84D624521F330CB20047C80F /* DestroyTheWorldTests.xctest */,
				84D6245D1F330CB20047C80F /* DestroyTheWorldUITests.xctest */,
			);
			name = Products;
			sourceTree = "<group>";
		};
		84D624401F330CB20047C80F /* DestroyTheWorld */ = {
			isa = PBXGroup;
			children = (
				84D624411F330CB20047C80F /* AppDelegate.swift */,
				84D624431F330CB20047C80F /* ViewController.swift */,
				84D624451F330CB20047C80F /* Main.storyboard */,
				84D624481F330CB20047C80F /* Assets.xcassets */,
				84D6244A1F330CB20047C80F /* LaunchScreen.storyboard */,
				84D6244D1F330CB20047C80F /* Info.plist */,
			);
			path = DestroyTheWorld;
			sourceTree = "<group>";
		};
		84D624551F330CB20047C80F /* DestroyTheWorldTests */ = {
			isa = PBXGroup;
			children = (
				84D624561F330CB20047C80F /* DestroyTheWorldTests.swift */,
				84D624581F330CB20047C80F /* Info.plist */,
			);
			path = DestroyTheWorldTests;
			sourceTree = "<group>";
		};
		84D624601F330CB20047C80F /* DestroyTheWorldUITests */ = {
			isa = PBXGroup;
			children = (
				84D624611F330CB20047C80F /* DestroyTheWorldUITests.swift */,
				84D624631F330CB20047C80F /* Info.plist */,
			);
			path = DestroyTheWorldUITests;
			sourceTree = "<group>";
		};
/* End PBXGroup section */

/* Begin PBXNativeTarget section */
		84D6243D1F330CB20047C80F /* DestroyTheWorld */ = {
			isa = PBXNativeTarget;
			buildConfigurationList = 84D624661F330CB20047C80F /* Build configuration list for PBXNativeTarget "DestroyTheWorld" */;
			buildPhases = (
				84D6243A1F330CB20047C80F /* Sources */,
				84D6243B1F330CB20047C80F /* Frameworks */,
				84D6243C1F330CB20047C80F /* Resources */,
			);
			buildRules = (
			);
			dependencies = (
			);
			name = DestroyTheWorld;
			productName = DestroyTheWorld;
			productReference = 84D6243E1F330CB20047C80F /* DestroyTheWorld.app */;
			productType = "com.apple.product-type.application";
		};
		84D624511F330CB20047C80F /* DestroyTheWorldTests */ = {
			isa = PBXNativeTarget;
			buildConfigurationList = 84D624691F330CB20047C80F /* Build configuration list for PBXNativeTarget "DestroyTheWorldTests" */;
			buildPhases = (
				84D6244E1F330CB20047C80F /* Sources */,
				84D6244F1F330CB20047C80F /* Frameworks */,
				84D624501F330CB20047C80F /* Resources */,
			);
			buildRules = (
			);
			dependencies = (
				84D624541F330CB20047C80F /* PBXTargetDependency */,
			);
			name = DestroyTheWorldTests;
			productName = DestroyTheWorldTests;
			productReference = 84D624521F330CB20047C80F /* DestroyTheWorldTests.xctest */;
			productType = "com.apple.product-type.bundle.unit-test";
		};
		84D6245C1F330CB20047C80F /* DestroyTheWorldUITests */ = {
			isa = PBXNativeTarget;
			buildConfigurationList = 84D6246C1F330CB20047C80F /* Build configuration list for PBXNativeTarget "DestroyTheWorldUITests" */;
			buildPhases = (
				84D624591F330CB20047C80F /* Sources */,
				84D6245A1F330CB20047C80F /* Frameworks */,
				84D6245B1F330CB20047C80F /* Resources */,
			);
			buildRules = (
			);
			dependencies = (
				84D6245F1F330CB20047C80F /* PBXTargetDependency */,
			);
			name = DestroyTheWorldUITests;
			productName = DestroyTheWorldUITests;
			productReference = 84D6245D1F330CB20047C80F /* DestroyTheWorldUITests.xctest */;
			productType = "com.apple.product-type.bundle.ui-testing";
		};
/* End PBXNativeTarget section */

/* Begin PBXProject section */
		84D624361F330CB20047C80F /* Project object */ = {
			isa = PBXProject;
			attributes = {
				LastSwiftUpdateCheck = 0830;
				LastUpgradeCheck = 0830;
				ORGANIZATIONNAME = "Abinaya Sindhu";
				TargetAttributes = {
					84D6243D1F330CB20047C80F = {
						CreatedOnToolsVersion = 8.3.3;
						ProvisioningStyle = Automatic;
					};
					84D624511F330CB20047C80F = {
						CreatedOnToolsVersion = 8.3.3;
						ProvisioningStyle = Automatic;
						TestTargetID = 84D6243D1F330CB20047C80F;
					};
					84D6245C1F330CB20047C80F = {
						CreatedOnToolsVersion = 8.3.3;
						ProvisioningStyle = Automatic;
						TestTargetID = 84D6243D1F330CB20047C80F;
					};
				};
			};
			buildConfigurationList = 84D624391F330CB20047C80F /* Build configuration list for PBXProject "DestroyTheWorld" */;
			compatibilityVersion = "Xcode 3.2";
			developmentRegion = English;
			hasScannedForEncodings = 0;
			knownRegions = (
				en,
				Base,
			);
			mainGroup = 84D624351F330CB20047C80F;
			productRefGroup = 84D6243F1F330CB20047C80F /* Products */;
			projectDirPath = "";
			projectRoot = "";
			targets = (
				84D6243D1F330CB20047C80F /* DestroyTheWorld */,
				84D624511F330CB20047C80F /* DestroyTheWorldTests */,
				84D6245C1F330CB20047C80F /* DestroyTheWorldUITests */,
			);
		};
/* End PBXProject section */

/* Begin PBXResourcesBuildPhase section */
		84D6243C1F330CB20047C80F /* Resources */ = {
			isa = PBXResourcesBuildPhase;
			buildActionMask = 2147483647;
			files = (
				84D6244C1F330CB20047C80F /* LaunchScreen.storyboard in Resources */,
				84D624491F330CB20047C80F /* Assets.xcassets in Resources */,
				84D624471F330CB20047C80F /* Main.storyboard in Resources */,
			);
			runOnlyForDeploymentPostprocessing = 0;
		};
		84D624501F330CB20047C80F /* Resources */ = {
			isa = PBXResourcesBuildPhase;
			buildActionMask = 2147483647;
			files = (
			);
			runOnlyForDeploymentPostprocessing = 0;
		};
		84D6245B1F330CB20047C80F /* Resources */ = {
			isa = PBXResourcesBuildPhase;
			buildActionMask = 2147483647;
			files = (
			);
			runOnlyForDeploymentPostprocessing = 0;
		};
/* End PBXResourcesBuildPhase section */

/* Begin PBXSourcesBuildPhase section */
		84D6243A1F330CB20047C80F /* Sources */ = {
			isa = PBXSourcesBuildPhase;
			buildActionMask = 2147483647;
			files = (
				84D624441F330CB20047C80F /* ViewController.swift in Sources */,
				84D624421F330CB20047C80F /* AppDelegate.swift in Sources */,
			);
			runOnlyForDeploymentPostprocessing = 0;
		};
		84D6244E1F330CB20047C80F /* Sources */ = {
			isa = PBXSourcesBuildPhase;
			buildActionMask = 2147483647;
			files = (
				84D624571F330CB20047C80F /* DestroyTheWorldTests.swift in Sources */,
			);
			runOnlyForDeploymentPostprocessing = 0;
		};
		84D624591F330CB20047C80F /* Sources */ = {
			isa = PBXSourcesBuildPhase;
			buildActionMask = 2147483647;
			files = (
				84D624621F330CB20047C80F /* DestroyTheWorldUITests.swift in Sources */,
			);
			runOnlyForDeploymentPostprocessing = 0;
		};
/* End PBXSourcesBuildPhase section */

/* Begin PBXTargetDependency section */
		84D624541F330CB20047C80F /* PBXTargetDependency */ = {
			isa = PBXTargetDependency;
			target = 84D6243D1F330CB20047C80F /* DestroyTheWorld */;
			targetProxy = 84D624531F330CB20047C80F /* PBXContainerItemProxy */;
		};
		84D6245F1F330CB20047C80F /* PBXTargetDependency */ = {
			isa = PBXTargetDependency;
			target = 84D6243D1F330CB20047C80F /* DestroyTheWorld */;
			targetProxy = 84D6245E1F330CB20047C80F /* PBXContainerItemProxy */;
		};
/* End PBXTargetDependency section */

/* Begin PBXVariantGroup section */
		84D624451F330CB20047C80F /* Main.storyboard */ = {
			isa = PBXVariantGroup;
			children = (
				84D624461F330CB20047C80F /* Base */,
			);
			name = Main.storyboard;
			sourceTree = "<group>";
		};
		84D6244A1F330CB20047C80F /* LaunchScreen.storyboard */ = {
			isa = PBXVariantGroup;
			children = (
				84D6244B1F330CB20047C80F /* Base */,
			);
			name = LaunchScreen.storyboard;
			sourceTree = "<group>";
		};
/* End PBXVariantGroup section */

/* Begin XCBuildConfiguration section */
		84D624641F330CB20047C80F /* Debug */ = {
			isa = XCBuildConfiguration;
			buildSettings = {
				ALWAYS_SEARCH_USER_PATHS = NO;
				CLANG_ANALYZER_NONNULL = YES;
				CLANG_ANALYZER_NUMBER_OBJECT_CONVERSION = YES_AGGRESSIVE;
				CLANG_CXX_LANGUAGE_STANDARD = "gnu++0x";
				CLANG_CXX_LIBRARY = "libc++";
				CLANG_ENABLE_MODULES = YES;
				CLANG_ENABLE_OBJC_ARC = YES;
				CLANG_WARN_BOOL_CONVERSION = YES;
				CLANG_WARN_CONSTANT_CONVERSION = YES;
				CLANG_WARN_DIRECT_OBJC_ISA_USAGE = YES_ERROR;
				CLANG_WARN_DOCUMENTATION_COMMENTS = YES;
				CLANG_WARN_EMPTY_BODY = YES;
				CLANG_WARN_ENUM_CONVERSION = YES;
				CLANG_WARN_INFINITE_RECURSION = YES;
				CLANG_WARN_INT_CONVERSION = YES;
				CLANG_WARN_OBJC_ROOT_CLASS = YES_ERROR;
				CLANG_WARN_SUSPICIOUS_MOVE = YES;
				CLANG_WARN_UNREACHABLE_CODE = YES;
				CLANG_WARN__DUPLICATE_METHOD_MATCH = YES;
				"CODE_SIGN_IDENTITY[sdk=iphoneos*]" = "iPhone Developer";
				COPY_PHASE_STRIP = NO;
				DEBUG_INFORMATION_FORMAT = dwarf;
				ENABLE_STRICT_OBJC_MSGSEND = YES;
				ENABLE_TESTABILITY = YES;
				GCC_C_LANGUAGE_STANDARD = gnu99;
				GCC_DYNAMIC_NO_PIC = NO;
				GCC_NO_COMMON_BLOCKS = YES;
				GCC_OPTIMIZATION_LEVEL = 0;
				GCC_PREPROCESSOR_DEFINITIONS = (
					"DEBUG=1",
					"$(inherited)",
				);
				GCC_WARN_64_TO_32_BIT_CONVERSION = YES;
				GCC_WARN_ABOUT_RETURN_TYPE = YES_ERROR;
				GCC_WARN_UNDECLARED_SELECTOR = YES;
				GCC_WARN_UNINITIALIZED_AUTOS = YES_AGGRESSIVE;
				GCC_WARN_UNUSED_FUNCTION = YES;
				GCC_WARN_UNUSED_VARIABLE = YES;
				IPHONEOS_DEPLOYMENT_TARGET = 10.3;
				MTL_ENABLE_DEBUG_INFO = YES;
				ONLY_ACTIVE_ARCH = YES;
				SDKROOT = iphoneos;
				SWIFT_ACTIVE_COMPILATION_CONDITIONS = DEBUG;
				SWIFT_OPTIMIZATION_LEVEL = "-Onone";
				TARGETED_DEVICE_FAMILY = "1,2";
			};
			name = Debug;
		};
		84D624651F330CB20047C80F /* Release */ = {
			isa = XCBuildConfiguration;
			buildSettings = {
				ALWAYS_SEARCH_USER_PATHS = NO;
				CLANG_ANALYZER_NONNULL = YES;
				CLANG_ANALYZER_NUMBER_OBJECT_CONVERSION = YES_AGGRESSIVE;
				CLANG_CXX_LANGUAGE_STANDARD = "gnu++0x";
				CLANG_CXX_LIBRARY = "libc++";
				CLANG_ENABLE_MODULES = YES;
				CLANG_ENABLE_OBJC_ARC = YES;
				CLANG_WARN_BOOL_CONVERSION = YES;
				CLANG_WARN_CONSTANT_CONVERSION = YES;
				CLANG_WARN_DIRECT_OBJC_ISA_USAGE = YES_ERROR;
				CLANG_WARN_DOCUMENTATION_COMMENTS = YES;
				CLANG_WARN_EMPTY_BODY = YES;
				CLANG_WARN_ENUM_CONVERSION = YES;
				CLANG_WARN_INFINITE_RECURSION = YES;
				CLANG_WARN_INT_CONVERSION = YES;
				CLANG_WARN_OBJC_ROOT_CLASS = YES_ERROR;
				CLANG_WARN_SUSPICIOUS_MOVE = YES;
				CLANG_WARN_UNREACHABLE_CODE = YES;
				CLANG_WARN__DUPLICATE_METHOD_MATCH = YES;
				"CODE_SIGN_IDENTITY[sdk=iphoneos*]" = "iPhone Developer";
				COPY_PHASE_STRIP = NO;
				DEBUG_INFORMATION_FORMAT = "dwarf-with-dsym";
				ENABLE_NS_ASSERTIONS = NO;
				ENABLE_STRICT_OBJC_MSGSEND = YES;
				GCC_C_LANGUAGE_STANDARD = gnu99;
				GCC_NO_COMMON_BLOCKS = YES;
				GCC_WARN_64_TO_32_BIT_CONVERSION = YES;
				GCC_WARN_ABOUT_RETURN_TYPE = YES_ERROR;
				GCC_WARN_UNDECLARED_SELECTOR = YES;
				GCC_WARN_UNINITIALIZED_AUTOS = YES_AGGRESSIVE;
				GCC_WARN_UNUSED_FUNCTION = YES;
				GCC_WARN_UNUSED_VARIABLE = YES;
				IPHONEOS_DEPLOYMENT_TARGET = 10.3;
				MTL_ENABLE_DEBUG_INFO = NO;
				SDKROOT = iphoneos;
				SWIFT_OPTIMIZATION_LEVEL = "-Owholemodule";
				TARGETED_DEVICE_FAMILY = "1,2";
				VALIDATE_PRODUCT = YES;
			};
			name = Release;
		};
		84D624671F330CB20047C80F /* Debug */ = {
			isa = XCBuildConfiguration;
			buildSettings = {
				ASSETCATALOG_COMPILER_APPICON_NAME = AppIcon;
				INFOPLIST_FILE = DestroyTheWorld/Info.plist;
				LD_RUNPATH_SEARCH_PATHS = "$(inherited) @executable_path/Frameworks";
				PRODUCT_BUNDLE_IDENTIFIER = test.DestroyTheWorld;
				PRODUCT_NAME = "$(TARGET_NAME)";
				SWIFT_VERSION = 3.0;
			};
			name = Debug;
		};
		84D624681F330CB20047C80F /* Release */ = {
			isa = XCBuildConfiguration;
			buildSettings = {
				ASSETCATALOG_COMPILER_APPICON_NAME = AppIcon;
				INFOPLIST_FILE = DestroyTheWorld/Info.plist;
				LD_RUNPATH_SEARCH_PATHS = "$(inherited) @executable_path/Frameworks";
				PRODUCT_BUNDLE_IDENTIFIER = test.DestroyTheWorld;
				PRODUCT_NAME = "$(TARGET_NAME)";
				SWIFT_VERSION = 3.0;
			};
			name = Release;
		};
		84D6246A1F330CB20047C80F /* Debug */ = {
			isa = XCBuildConfiguration;
			buildSettings = {
				ALWAYS_EMBED_SWIFT_STANDARD_LIBRARIES = YES;
				BUNDLE_LOADER = "$(TEST_HOST)";
				INFOPLIST_FILE = DestroyTheWorldTests/Info.plist;
				LD_RUNPATH_SEARCH_PATHS = "$(inherited) @executable_path/Frameworks @loader_path/Frameworks";
				PRODUCT_BUNDLE_IDENTIFIER = test.DestroyTheWorldTests;
				PRODUCT_NAME = "$(TARGET_NAME)";
				SWIFT_VERSION = 3.0;
				TEST_HOST = "$(BUILT_PRODUCTS_DIR)/DestroyTheWorld.app/DestroyTheWorld";
			};
			name = Debug;
		};
		84D6246B1F330CB20047C80F /* Release */ = {
			isa = XCBuildConfiguration;
			buildSettings = {
				ALWAYS_EMBED_SWIFT_STANDARD_LIBRARIES = YES;
				BUNDLE_LOADER = "$(TEST_HOST)";
				INFOPLIST_FILE = DestroyTheWorldTests/Info.plist;
				LD_RUNPATH_SEARCH_PATHS = "$(inherited) @executable_path/Frameworks @loader_path/Frameworks";
				PRODUCT_BUNDLE_IDENTIFIER = test.DestroyTheWorldTests;
				PRODUCT_NAME = "$(TARGET_NAME)";
				SWIFT_VERSION = 3.0;
				TEST_HOST = "$(BUILT_PRODUCTS_DIR)/DestroyTheWorld.app/DestroyTheWorld";
			};
			name = Release;
		};
		84D6246D1F330CB20047C80F /* Debug */ = {
			isa = XCBuildConfiguration;
			buildSettings = {
				ALWAYS_EMBED_SWIFT_STANDARD_LIBRARIES = YES;
				INFOPLIST_FILE = DestroyTheWorldUITests/Info.plist;
				LD_RUNPATH_SEARCH_PATHS = "$(inherited) @executable_path/Frameworks @loader_path/Frameworks";
				PRODUCT_BUNDLE_IDENTIFIER = test.DestroyTheWorldUITests;
				PRODUCT_NAME = "$(TARGET_NAME)";
				SWIFT_VERSION = 3.0;
				TEST_TARGET_NAME = DestroyTheWorld;
			};
			name = Debug;
		};
		84D6246E1F330CB20047C80F /* Release */ = {
			isa = XCBuildConfiguration;
			buildSettings = {
				ALWAYS_EMBED_SWIFT_STANDARD_LIBRARIES = YES;
				INFOPLIST_FILE = DestroyTheWorldUITests/Info.plist;
				LD_RUNPATH_SEARCH_PATHS = "$(inherited) @executable_path/Frameworks @loader_path/Frameworks";
				PRODUCT_BUNDLE_IDENTIFIER = test.DestroyTheWorldUITests;
				PRODUCT_NAME = "$(TARGET_NAME)";
				SWIFT_VERSION = 3.0;
				TEST_TARGET_NAME = DestroyTheWorld;
			};
			name = Release;
		};
/* End XCBuildConfiguration section */

/* Begin XCConfigurationList section */
		84D624391F330CB20047C80F /* Build configuration list for PBXProject "DestroyTheWorld" */ = {
			isa = XCConfigurationList;
			buildConfigurations = (
				84D624641F330CB20047C80F /* Debug */,
				84D624651F330CB20047C80F /* Release */,
			);
			defaultConfigurationIsVisible = 0;
			defaultConfigurationName = Release;
		};
		84D624661F330CB20047C80F /* Build configuration list for PBXNativeTarget "DestroyTheWorld" */ = {
			isa = XCConfigurationList;
			buildConfigurations = (
				84D624671F330CB20047C80F /* Debug */,
				84D624681F330CB20047C80F /* Release */,
			);
			defaultConfigurationIsVisible = 0;
		};
		84D624691F330CB20047C80F /* Build configuration list for PBXNativeTarget "DestroyTheWorldTests" */ = {
			isa = XCConfigurationList;
			buildConfigurations = (
				84D6246A1F330CB20047C80F /* Debug */,
				84D6246B1F330CB20047C80F /* Release */,
			);
			defaultConfigurationIsVisible = 0;
		};
		84D6246C1F330CB20047C80F /* Build configuration list for PBXNativeTarget "DestroyTheWorldUITests" */ = {
			isa = XCConfigurationList;
			buildConfigurations = (
				84D6246D1F330CB20047C80F /* Debug */,
				84D6246E1F330CB20047C80F /* Release */,
			);
			defaultConfigurationIsVisible = 0;
		};
/* End XCConfigurationList section */
	};
	rootObject = 84D624361F330CB20047C80F /* Project object */;
}
